
Microsoft Visual Studio Solution File, Format Version 12.00
# Visual Studio Version 16
VisualStudioVersion = 16.0.29009.5
MinimumVisualStudioVersion = 10.0.40219.1
Project("{FAE04EC0-301F-11D3-BF4B-00C04F79EFBC}") = "OneRoute", "OneRoute\OneRoute.csproj", "{08AD0572-D018-4ECE-A851-F0848435B8F0}"
EndProject
Global
	GlobalSection(SolutionConfigurationPlatforms) = preSolution
		Debug|Any CPU = Debug|Any CPU
		Release|Any CPU = Release|Any CPU
	EndGlobalSection
	GlobalSection(ProjectConfigurationPlatforms) = postSolution
		{08AD0572-D018-4ECE-A851-F0848435B8F0}.Debug|Any CPU.ActiveCfg = Debug|Any CPU
		{08AD0572-D018-4ECE-A851-F0848435B8F0}.Debug|Any CPU.Build.0 = Debug|Any CPU
		{08AD0572-D018-4ECE-A851-F0848435B8F0}.Release|Any CPU.ActiveCfg = Release|Any CPU
		{08AD0572-D018-4ECE-A851-F0848435B8F0}.Release|Any CPU.Build.0 = Release|Any CPU
	EndGlobalSection
	GlobalSection(SolutionProperties) = preSolution
		HideSolutionNode = FALSE
	EndGlobalSection
	GlobalSection(ExtensibilityGlobals) = postSolution
		SolutionGuid = {4FD3CC95-1254-4E6E-BC15-25DF8A0183E8}
	EndGlobalSection
EndGlobal
